
Microsoft Visual Studio Solution File, Format Version 12.00
# Visual Studio Version 17
VisualStudioVersion = 17.3.32901.215
MinimumVisualStudioVersion = 10.0.40219.1
Project("{2150E333-8FDC-42A3-9474-1A3956D46DE8}") = "FrontEnd", "FrontEnd", "{469CE059-EE0A-4504-9963-74EACE3F9441}"
EndProject
Project("{2150E333-8FDC-42A3-9474-1A3956D46DE8}") = "Services", "Services", "{B7AB6A01-137A-4777-BD0A-B5BF340FCACB}"
EndProject
Project("{9A19103F-16F7-4668-BE54-9A1E7A4F7556}") = "Shopping.Web", "Shopping.Web\Shopping.Web.csproj", "{C3C33010-5397-40D2-8272-39E3FC210342}"
EndProject
Project("{9A19103F-16F7-4668-BE54-9A1E7A4F7556}") = "Shopping.ProductAPI", "Shopping.ProductAPI\Shopping.ProductAPI.csproj", "{E00707A2-FD3E-485B-A8F9-D0D501708CFE}"
EndProject
Project("{FAE04EC0-301F-11D3-BF4B-00C04F79EFBC}") = "Shopping.IdentityServer", "Shopping.IdentityServer\Shopping.IdentityServer.csproj", "{E7CD4C55-69C8-4F8E-9795-C5E8FEFEB341}"
EndProject
Global
	GlobalSection(SolutionConfigurationPlatforms) = preSolution
		Debug|Any CPU = Debug|Any CPU
		Release|Any CPU = Release|Any CPU
	EndGlobalSection
	GlobalSection(ProjectConfigurationPlatforms) = postSolution
		{C3C33010-5397-40D2-8272-39E3FC210342}.Debug|Any CPU.ActiveCfg = Debug|Any CPU
		{C3C33010-5397-40D2-8272-39E3FC210342}.Debug|Any CPU.Build.0 = Debug|Any CPU
		{C3C33010-5397-40D2-8272-39E3FC210342}.Release|Any CPU.ActiveCfg = Release|Any CPU
		{C3C33010-5397-40D2-8272-39E3FC210342}.Release|Any CPU.Build.0 = Release|Any CPU
		{E00707A2-FD3E-485B-A8F9-D0D501708CFE}.Debug|Any CPU.ActiveCfg = Debug|Any CPU
		{E00707A2-FD3E-485B-A8F9-D0D501708CFE}.Debug|Any CPU.Build.0 = Debug|Any CPU
		{E00707A2-FD3E-485B-A8F9-D0D501708CFE}.Release|Any CPU.ActiveCfg = Release|Any CPU
		{E00707A2-FD3E-485B-A8F9-D0D501708CFE}.Release|Any CPU.Build.0 = Release|Any CPU
		{E7CD4C55-69C8-4F8E-9795-C5E8FEFEB341}.Debug|Any CPU.ActiveCfg = Debug|Any CPU
		{E7CD4C55-69C8-4F8E-9795-C5E8FEFEB341}.Debug|Any CPU.Build.0 = Debug|Any CPU
		{E7CD4C55-69C8-4F8E-9795-C5E8FEFEB341}.Release|Any CPU.ActiveCfg = Release|Any CPU
		{E7CD4C55-69C8-4F8E-9795-C5E8FEFEB341}.Release|Any CPU.Build.0 = Release|Any CPU
	EndGlobalSection
	GlobalSection(SolutionProperties) = preSolution
		HideSolutionNode = FALSE
	EndGlobalSection
	GlobalSection(NestedProjects) = preSolution
		{C3C33010-5397-40D2-8272-39E3FC210342} = {469CE059-EE0A-4504-9963-74EACE3F9441}
		{E00707A2-FD3E-485B-A8F9-D0D501708CFE} = {B7AB6A01-137A-4777-BD0A-B5BF340FCACB}
		{E7CD4C55-69C8-4F8E-9795-C5E8FEFEB341} = {B7AB6A01-137A-4777-BD0A-B5BF340FCACB}
	EndGlobalSection
	GlobalSection(ExtensibilityGlobals) = postSolution
		SolutionGuid = {D23BEBEF-5D71-4BA5-AB3A-FD7DABC1126D}
	EndGlobalSection
EndGlobal
